// !$*UTF8*$!
{
	archiveVersion = 1;
	classes = {
	};
	objectVersion = 52;
	objects = {

/* Begin PBXBuildFile section */
		1B04718124A36DC500680E9A /* GoogleService-Info.plist in Resources */ = {isa = PBXBuildFile; fileRef = 1B04718024A36DC500680E9A /* GoogleService-Info.plist */; };
		1B380FF424A37B0F00068A41 /* Utilities.swift in Sources */ = {isa = PBXBuildFile; fileRef = 1B380FF324A37B0F00068A41 /* Utilities.swift */; };
		1B55558E24A39C9000B4EB4C /* Constants.swift in Sources */ = {isa = PBXBuildFile; fileRef = 1B55558D24A39C9000B4EB4C /* Constants.swift */; };
		1B5F160424B5BE9C001E354A /* HomeViewController.swift in Sources */ = {isa = PBXBuildFile; fileRef = 1B5F160324B5BE9C001E354A /* HomeViewController.swift */; };
		1B5F160824B5EFC0001E354A /* ChatViewController.swift in Sources */ = {isa = PBXBuildFile; fileRef = 1B5F160724B5EFC0001E354A /* ChatViewController.swift */; };
		1BBF224124B747E3009739E1 /* Messages.swift in Sources */ = {isa = PBXBuildFile; fileRef = 1BBF224024B747E3009739E1 /* Messages.swift */; };
		1BBF224424B7528D009739E1 /* MessageCell.swift in Sources */ = {isa = PBXBuildFile; fileRef = 1BBF224224B7528D009739E1 /* MessageCell.swift */; };
		1BBF224524B7528D009739E1 /* MessageCell.xib in Resources */ = {isa = PBXBuildFile; fileRef = 1BBF224324B7528D009739E1 /* MessageCell.xib */; };
		1BBF224724B77101009739E1 /* Assets.xcassets in Resources */ = {isa = PBXBuildFile; fileRef = 1BBF224624B77100009739E1 /* Assets.xcassets */; };
		1BBF224A24B79233009739E1 /* IQKeyboardManagerSwift in Frameworks */ = {isa = PBXBuildFile; productRef = 1BBF224924B79233009739E1 /* IQKeyboardManagerSwift */; };
		1BE286EB24694E220019F779 /* AppDelegate.swift in Sources */ = {isa = PBXBuildFile; fileRef = 1BE286EA24694E220019F779 /* AppDelegate.swift */; };
		1BE286ED24694E220019F779 /* SceneDelegate.swift in Sources */ = {isa = PBXBuildFile; fileRef = 1BE286EC24694E220019F779 /* SceneDelegate.swift */; };
		1BE286EF24694E220019F779 /* ViewController.swift in Sources */ = {isa = PBXBuildFile; fileRef = 1BE286EE24694E220019F779 /* ViewController.swift */; };
		1BE286F224694E220019F779 /* Main.storyboard in Resources */ = {isa = PBXBuildFile; fileRef = 1BE286F024694E220019F779 /* Main.storyboard */; };
		1BE286F724694E230019F779 /* LaunchScreen.storyboard in Resources */ = {isa = PBXBuildFile; fileRef = 1BE286F524694E230019F779 /* LaunchScreen.storyboard */; };
		1BE8577224A23B5200F392A1 /* LoginViewController.swift in Sources */ = {isa = PBXBuildFile; fileRef = 1BE8577124A23B5200F392A1 /* LoginViewController.swift */; };
		1BE8577424A23B6400F392A1 /* RegisterViewController.swift in Sources */ = {isa = PBXBuildFile; fileRef = 1BE8577324A23B6400F392A1 /* RegisterViewController.swift */; };
		1BFD496D24BE234700E58403 /* UsersViewController.swift in Sources */ = {isa = PBXBuildFile; fileRef = 1BFD496C24BE234700E58403 /* UsersViewController.swift */; };
		1BFD496F24BE25C200E58403 /* Users.swift in Sources */ = {isa = PBXBuildFile; fileRef = 1BFD496E24BE25C200E58403 /* Users.swift */; };
		C0D8A14D2641005F6B5758E3 /* Pods_PracticeApplication.framework in Frameworks */ = {isa = PBXBuildFile; fileRef = 9180A4927C5AED857195141B /* Pods_PracticeApplication.framework */; };
/* End PBXBuildFile section */

/* Begin PBXFileReference section */
		0F28C4E4AB37FD926CFEFEFE /* Pods-PracticeApplication.release.xcconfig */ = {isa = PBXFileReference; includeInIndex = 1; lastKnownFileType = text.xcconfig; name = "Pods-PracticeApplication.release.xcconfig"; path = "Target Support Files/Pods-PracticeApplication/Pods-PracticeApplication.release.xcconfig"; sourceTree = "<group>"; };
		1B04718024A36DC500680E9A /* GoogleService-Info.plist */ = {isa = PBXFileReference; fileEncoding = 4; lastKnownFileType = text.plist.xml; path = "GoogleService-Info.plist"; sourceTree = "<group>"; };
		1B380FF324A37B0F00068A41 /* Utilities.swift */ = {isa = PBXFileReference; lastKnownFileType = sourcecode.swift; path = Utilities.swift; sourceTree = "<group>"; };
		1B55558D24A39C9000B4EB4C /* Constants.swift */ = {isa = PBXFileReference; lastKnownFileType = sourcecode.swift; path = Constants.swift; sourceTree = "<group>"; };
		1B5F160324B5BE9C001E354A /* HomeViewController.swift */ = {isa = PBXFileReference; lastKnownFileType = sourcecode.swift; path = HomeViewController.swift; sourceTree = "<group>"; };
		1B5F160724B5EFC0001E354A /* ChatViewController.swift */ = {isa = PBXFileReference; lastKnownFileType = sourcecode.swift; path = ChatViewController.swift; sourceTree = "<group>"; };
		1BBF224024B747E3009739E1 /* Messages.swift */ = {isa = PBXFileReference; lastKnownFileType = sourcecode.swift; path = Messages.swift; sourceTree = "<group>"; };
		1BBF224224B7528D009739E1 /* MessageCell.swift */ = {isa = PBXFileReference; lastKnownFileType = sourcecode.swift; path = MessageCell.swift; sourceTree = "<group>"; };
		1BBF224324B7528D009739E1 /* MessageCell.xib */ = {isa = PBXFileReference; lastKnownFileType = file.xib; path = MessageCell.xib; sourceTree = "<group>"; };
		1BBF224624B77100009739E1 /* Assets.xcassets */ = {isa = PBXFileReference; lastKnownFileType = folder.assetcatalog; name = Assets.xcassets; path = PracticeApplication/Assets.xcassets; sourceTree = SOURCE_ROOT; };
		1BE286E724694E220019F779 /* PracticeApplication.app */ = {isa = PBXFileReference; explicitFileType = wrapper.application; includeInIndex = 0; path = PracticeApplication.app; sourceTree = BUILT_PRODUCTS_DIR; };
		1BE286EA24694E220019F779 /* AppDelegate.swift */ = {isa = PBXFileReference; lastKnownFileType = sourcecode.swift; path = AppDelegate.swift; sourceTree = "<group>"; };
		1BE286EC24694E220019F779 /* SceneDelegate.swift */ = {isa = PBXFileReference; lastKnownFileType = sourcecode.swift; path = SceneDelegate.swift; sourceTree = "<group>"; };
		1BE286EE24694E220019F779 /* ViewController.swift */ = {isa = PBXFileReference; lastKnownFileType = sourcecode.swift; path = ViewController.swift; sourceTree = "<group>"; };
		1BE286F124694E220019F779 /* Base */ = {isa = PBXFileReference; lastKnownFileType = file.storyboard; name = Base; path = Base.lproj/Main.storyboard; sourceTree = "<group>"; };
		1BE286F624694E230019F779 /* Base */ = {isa = PBXFileReference; lastKnownFileType = file.storyboard; name = Base; path = Base.lproj/LaunchScreen.storyboard; sourceTree = "<group>"; };
		1BE286F824694E230019F779 /* Info.plist */ = {isa = PBXFileReference; lastKnownFileType = text.plist.xml; path = Info.plist; sourceTree = "<group>"; };
		1BE8577124A23B5200F392A1 /* LoginViewController.swift */ = {isa = PBXFileReference; lastKnownFileType = sourcecode.swift; path = LoginViewController.swift; sourceTree = "<group>"; };
		1BE8577324A23B6400F392A1 /* RegisterViewController.swift */ = {isa = PBXFileReference; lastKnownFileType = sourcecode.swift; path = RegisterViewController.swift; sourceTree = "<group>"; };
		1BFD496C24BE234700E58403 /* UsersViewController.swift */ = {isa = PBXFileReference; lastKnownFileType = sourcecode.swift; path = UsersViewController.swift; sourceTree = "<group>"; };
		1BFD496E24BE25C200E58403 /* Users.swift */ = {isa = PBXFileReference; lastKnownFileType = sourcecode.swift; path = Users.swift; sourceTree = "<group>"; };
		1BFF747A24BC716A008AC561 /* PracticeApplication.entitlements */ = {isa = PBXFileReference; lastKnownFileType = text.plist.entitlements; path = PracticeApplication.entitlements; sourceTree = "<group>"; };
		6A7A86F4C08400977A3D5C56 /* Pods-PracticeApplication.debug.xcconfig */ = {isa = PBXFileReference; includeInIndex = 1; lastKnownFileType = text.xcconfig; name = "Pods-PracticeApplication.debug.xcconfig"; path = "Target Support Files/Pods-PracticeApplication/Pods-PracticeApplication.debug.xcconfig"; sourceTree = "<group>"; };
		9180A4927C5AED857195141B /* Pods_PracticeApplication.framework */ = {isa = PBXFileReference; explicitFileType = wrapper.framework; includeInIndex = 0; path = Pods_PracticeApplication.framework; sourceTree = BUILT_PRODUCTS_DIR; };
/* End PBXFileReference section */

/* Begin PBXFrameworksBuildPhase section */
		1BE286E424694E220019F779 /* Frameworks */ = {
			isa = PBXFrameworksBuildPhase;
			buildActionMask = 2147483647;
			files = (
				C0D8A14D2641005F6B5758E3 /* Pods_PracticeApplication.framework in Frameworks */,
				1BBF224A24B79233009739E1 /* IQKeyboardManagerSwift in Frameworks */,
			);
			runOnlyForDeploymentPostprocessing = 0;
		};
/* End PBXFrameworksBuildPhase section */

/* Begin PBXGroup section */
		1B55558C24A39C6F00B4EB4C /* helpers */ = {
			isa = PBXGroup;
			children = (
				1B380FF324A37B0F00068A41 /* Utilities.swift */,
				1B55558D24A39C9000B4EB4C /* Constants.swift */,
			);
			path = helpers;
			sourceTree = "<group>";
		};
		1B7949F824A237EB006E9B52 /* Controllers */ = {
			isa = PBXGroup;
			children = (
				1BE286EE24694E220019F779 /* ViewController.swift */,
				1BE8577124A23B5200F392A1 /* LoginViewController.swift */,
				1BE8577324A23B6400F392A1 /* RegisterViewController.swift */,
				1B5F160324B5BE9C001E354A /* HomeViewController.swift */,
				1B5F160724B5EFC0001E354A /* ChatViewController.swift */,
				1BFD496C24BE234700E58403 /* UsersViewController.swift */,
			);
			path = Controllers;
			sourceTree = "<group>";
		};
		1BBBA9E424ACA9DF00AEB05C /* View */ = {
			isa = PBXGroup;
			children = (
				1BE286F024694E220019F779 /* Main.storyboard */,
				1BBF224224B7528D009739E1 /* MessageCell.swift */,
				1BBF224324B7528D009739E1 /* MessageCell.xib */,
			);
			path = View;
			sourceTree = "<group>";
		};
		1BBBA9E524ACAA0E00AEB05C /* Model */ = {
			isa = PBXGroup;
			children = (
				1BBF224024B747E3009739E1 /* Messages.swift */,
				1BFD496E24BE25C200E58403 /* Users.swift */,
			);
			path = Model;
			sourceTree = "<group>";
		};
		1BE286DE24694E220019F779 = {
			isa = PBXGroup;
			children = (
				1BE286E924694E220019F779 /* PracticeApplication */,
				1BE286E824694E220019F779 /* Products */,
				A5E5AB505F538BC461BF5784 /* Pods */,
				523B172987419B09C1B47887 /* Frameworks */,
			);
			sourceTree = "<group>";
		};
		1BE286E824694E220019F779 /* Products */ = {
			isa = PBXGroup;
			children = (
				1BE286E724694E220019F779 /* PracticeApplication.app */,
			);
			name = Products;
			sourceTree = "<group>";
		};
		1BE286E924694E220019F779 /* PracticeApplication */ = {
			isa = PBXGroup;
			children = (
				1BFF747A24BC716A008AC561 /* PracticeApplication.entitlements */,
				1BE286EA24694E220019F779 /* AppDelegate.swift */,
				1BE286EC24694E220019F779 /* SceneDelegate.swift */,
				1B55558C24A39C6F00B4EB4C /* helpers */,
				1BBBA9E524ACAA0E00AEB05C /* Model */,
				1BBBA9E424ACA9DF00AEB05C /* View */,
				1B7949F824A237EB006E9B52 /* Controllers */,
				1BBF224624B77100009739E1 /* Assets.xcassets */,
				1BE286F524694E230019F779 /* LaunchScreen.storyboard */,
				1BE286F824694E230019F779 /* Info.plist */,
				1B04718024A36DC500680E9A /* GoogleService-Info.plist */,
			);
			path = PracticeApplication;
			sourceTree = "<group>";
		};
		523B172987419B09C1B47887 /* Frameworks */ = {
			isa = PBXGroup;
			children = (
				9180A4927C5AED857195141B /* Pods_PracticeApplication.framework */,
			);
			name = Frameworks;
			sourceTree = "<group>";
		};
		A5E5AB505F538BC461BF5784 /* Pods */ = {
			isa = PBXGroup;
			children = (
				6A7A86F4C08400977A3D5C56 /* Pods-PracticeApplication.debug.xcconfig */,
				0F28C4E4AB37FD926CFEFEFE /* Pods-PracticeApplication.release.xcconfig */,
			);
			path = Pods;
			sourceTree = "<group>";
		};
/* End PBXGroup section */

/* Begin PBXNativeTarget section */
		1BE286E624694E220019F779 /* PracticeApplication */ = {
			isa = PBXNativeTarget;
			buildConfigurationList = 1BE286FB24694E230019F779 /* Build configuration list for PBXNativeTarget "PracticeApplication" */;
			buildPhases = (
				DEF519FCAC4DD943FDF19107 /* [CP] Check Pods Manifest.lock */,
				1BE286E324694E220019F779 /* Sources */,
				1BE286E424694E220019F779 /* Frameworks */,
				1BE286E524694E220019F779 /* Resources */,
				B55930FB53677AFCA5DA8384 /* [CP] Embed Pods Frameworks */,
			);
			buildRules = (
			);
			dependencies = (
			);
			name = PracticeApplication;
			packageProductDependencies = (
				1BBF224924B79233009739E1 /* IQKeyboardManagerSwift */,
			);
			productName = PracticeApplication;
			productReference = 1BE286E724694E220019F779 /* PracticeApplication.app */;
			productType = "com.apple.product-type.application";
		};
/* End PBXNativeTarget section */

/* Begin PBXProject section */
		1BE286DF24694E220019F779 /* Project object */ = {
			isa = PBXProject;
			attributes = {
				LastSwiftUpdateCheck = 1130;
				LastUpgradeCheck = 1130;
				ORGANIZATIONNAME = "Chandu Reddy";
				TargetAttributes = {
					1BE286E624694E220019F779 = {
						CreatedOnToolsVersion = 11.3.1;
					};
				};
			};
			buildConfigurationList = 1BE286E224694E220019F779 /* Build configuration list for PBXProject "PracticeApplication" */;
			compatibilityVersion = "Xcode 9.3";
			developmentRegion = en;
			hasScannedForEncodings = 0;
			knownRegions = (
				en,
				Base,
			);
			mainGroup = 1BE286DE24694E220019F779;
			packageReferences = (
				1BBF224824B79233009739E1 /* XCRemoteSwiftPackageReference "IQKeyboardManager" */,
			);
			productRefGroup = 1BE286E824694E220019F779 /* Products */;
			projectDirPath = "";
			projectRoot = "";
			targets = (
				1BE286E624694E220019F779 /* PracticeApplication */,
			);
		};
/* End PBXProject section */

/* Begin PBXResourcesBuildPhase section */
		1BE286E524694E220019F779 /* Resources */ = {
			isa = PBXResourcesBuildPhase;
			buildActionMask = 2147483647;
			files = (
				1BBF224524B7528D009739E1 /* MessageCell.xib in Resources */,
				1BE286F724694E230019F779 /* LaunchScreen.storyboard in Resources */,
				1B04718124A36DC500680E9A /* GoogleService-Info.plist in Resources */,
				1BE286F224694E220019F779 /* Main.storyboard in Resources */,
				1BBF224724B77101009739E1 /* Assets.xcassets in Resources */,
			);
			runOnlyForDeploymentPostprocessing = 0;
		};
/* End PBXResourcesBuildPhase section */

/* Begin PBXShellScriptBuildPhase section */
		B55930FB53677AFCA5DA8384 /* [CP] Embed Pods Frameworks */ = {
			isa = PBXShellScriptBuildPhase;
			buildActionMask = 2147483647;
			files = (
			);
			inputFileListPaths = (
				"${PODS_ROOT}/Target Support Files/Pods-PracticeApplication/Pods-PracticeApplication-frameworks-${CONFIGURATION}-input-files.xcfilelist",
			);
			name = "[CP] Embed Pods Frameworks";
			outputFileListPaths = (
				"${PODS_ROOT}/Target Support Files/Pods-PracticeApplication/Pods-PracticeApplication-frameworks-${CONFIGURATION}-output-files.xcfilelist",
			);
			runOnlyForDeploymentPostprocessing = 0;
			shellPath = /bin/sh;
			shellScript = "\"${PODS_ROOT}/Target Support Files/Pods-PracticeApplication/Pods-PracticeApplication-frameworks.sh\"\n";
			showEnvVarsInLog = 0;
		};
		DEF519FCAC4DD943FDF19107 /* [CP] Check Pods Manifest.lock */ = {
			isa = PBXShellScriptBuildPhase;
			buildActionMask = 2147483647;
			files = (
			);
			inputFileListPaths = (
			);
			inputPaths = (
				"${PODS_PODFILE_DIR_PATH}/Podfile.lock",
				"${PODS_ROOT}/Manifest.lock",
			);
			name = "[CP] Check Pods Manifest.lock";
			outputFileListPaths = (
			);
			outputPaths = (
				"$(DERIVED_FILE_DIR)/Pods-PracticeApplication-checkManifestLockResult.txt",
			);
			runOnlyForDeploymentPostprocessing = 0;
			shellPath = /bin/sh;
			shellScript = "diff \"${PODS_PODFILE_DIR_PATH}/Podfile.lock\" \"${PODS_ROOT}/Manifest.lock\" > /dev/null\nif [ $? != 0 ] ; then\n    # print error to STDERR\n    echo \"error: The sandbox is not in sync with the Podfile.lock. Run 'pod install' or update your CocoaPods installation.\" >&2\n    exit 1\nfi\n# This output is used by Xcode 'outputs' to avoid re-running this script phase.\necho \"SUCCESS\" > \"${SCRIPT_OUTPUT_FILE_0}\"\n";
			showEnvVarsInLog = 0;
		};
/* End PBXShellScriptBuildPhase section */

/* Begin PBXSourcesBuildPhase section */
		1BE286E324694E220019F779 /* Sources */ = {
			isa = PBXSourcesBuildPhase;
			buildActionMask = 2147483647;
			files = (
				1BBF224424B7528D009739E1 /* MessageCell.swift in Sources */,
				1BFD496D24BE234700E58403 /* UsersViewController.swift in Sources */,
				1BE8577224A23B5200F392A1 /* LoginViewController.swift in Sources */,
				1BE8577424A23B6400F392A1 /* RegisterViewController.swift in Sources */,
				1B380FF424A37B0F00068A41 /* Utilities.swift in Sources */,
				1B5F160424B5BE9C001E354A /* HomeViewController.swift in Sources */,
				1BE286EF24694E220019F779 /* ViewController.swift in Sources */,
				1BE286EB24694E220019F779 /* AppDelegate.swift in Sources */,
				1BE286ED24694E220019F779 /* SceneDelegate.swift in Sources */,
				1BFD496F24BE25C200E58403 /* Users.swift in Sources */,
				1BBF224124B747E3009739E1 /* Messages.swift in Sources */,
				1B5F160824B5EFC0001E354A /* ChatViewController.swift in Sources */,
				1B55558E24A39C9000B4EB4C /* Constants.swift in Sources */,
			);
			runOnlyForDeploymentPostprocessing = 0;
		};
/* End PBXSourcesBuildPhase section */

/* Begin PBXVariantGroup section */
		1BE286F024694E220019F779 /* Main.storyboard */ = {
			isa = PBXVariantGroup;
			children = (
				1BE286F124694E220019F779 /* Base */,
			);
			name = Main.storyboard;
			sourceTree = "<group>";
		};
		1BE286F524694E230019F779 /* LaunchScreen.storyboard */ = {
			isa = PBXVariantGroup;
			children = (
				1BE286F624694E230019F779 /* Base */,
			);
			name = LaunchScreen.storyboard;
			sourceTree = "<group>";
		};
/* End PBXVariantGroup section */

/* Begin XCBuildConfiguration section */
		1BE286F924694E230019F779 /* Debug */ = {
			isa = XCBuildConfiguration;
			buildSettings = {
				ALWAYS_SEARCH_USER_PATHS = NO;
				CLANG_ANALYZER_NONNULL = YES;
				CLANG_ANALYZER_NUMBER_OBJECT_CONVERSION = YES_AGGRESSIVE;
				CLANG_CXX_LANGUAGE_STANDARD = "gnu++14";
				CLANG_CXX_LIBRARY = "libc++";
				CLANG_ENABLE_MODULES = YES;
				CLANG_ENABLE_OBJC_ARC = YES;
				CLANG_ENABLE_OBJC_WEAK = YES;
				CLANG_WARN_BLOCK_CAPTURE_AUTORELEASING = YES;
				CLANG_WARN_BOOL_CONVERSION = YES;
				CLANG_WARN_COMMA = YES;
				CLANG_WARN_CONSTANT_CONVERSION = YES;
				CLANG_WARN_DEPRECATED_OBJC_IMPLEMENTATIONS = YES;
				CLANG_WARN_DIRECT_OBJC_ISA_USAGE = YES_ERROR;
				CLANG_WARN_DOCUMENTATION_COMMENTS = YES;
				CLANG_WARN_EMPTY_BODY = YES;
				CLANG_WARN_ENUM_CONVERSION = YES;
				CLANG_WARN_INFINITE_RECURSION = YES;
				CLANG_WARN_INT_CONVERSION = YES;
				CLANG_WARN_NON_LITERAL_NULL_CONVERSION = YES;
				CLANG_WARN_OBJC_IMPLICIT_RETAIN_SELF = YES;
				CLANG_WARN_OBJC_LITERAL_CONVERSION = YES;
				CLANG_WARN_OBJC_ROOT_CLASS = YES_ERROR;
				CLANG_WARN_RANGE_LOOP_ANALYSIS = YES;
				CLANG_WARN_STRICT_PROTOTYPES = YES;
				CLANG_WARN_SUSPICIOUS_MOVE = YES;
				CLANG_WARN_UNGUARDED_AVAILABILITY = YES_AGGRESSIVE;
				CLANG_WARN_UNREACHABLE_CODE = YES;
				CLANG_WARN__DUPLICATE_METHOD_MATCH = YES;
				COPY_PHASE_STRIP = NO;
				DEBUG_INFORMATION_FORMAT = dwarf;
				ENABLE_STRICT_OBJC_MSGSEND = YES;
				ENABLE_TESTABILITY = YES;
				GCC_C_LANGUAGE_STANDARD = gnu11;
				GCC_DYNAMIC_NO_PIC = NO;
				GCC_NO_COMMON_BLOCKS = YES;
				GCC_OPTIMIZATION_LEVEL = 0;
				GCC_PREPROCESSOR_DEFINITIONS = (
					"DEBUG=1",
					"$(inherited)",
				);
				GCC_WARN_64_TO_32_BIT_CONVERSION = YES;
				GCC_WARN_ABOUT_RETURN_TYPE = YES_ERROR;
				GCC_WARN_UNDECLARED_SELECTOR = YES;
				GCC_WARN_UNINITIALIZED_AUTOS = YES_AGGRESSIVE;
				GCC_WARN_UNUSED_FUNCTION = YES;
				GCC_WARN_UNUSED_VARIABLE = YES;
				IPHONEOS_DEPLOYMENT_TARGET = 13.2;
				MTL_ENABLE_DEBUG_INFO = INCLUDE_SOURCE;
				MTL_FAST_MATH = YES;
				ONLY_ACTIVE_ARCH = YES;
				SDKROOT = iphoneos;
				SWIFT_ACTIVE_COMPILATION_CONDITIONS = DEBUG;
				SWIFT_OPTIMIZATION_LEVEL = "-Onone";
			};
			name = Debug;
		};
		1BE286FA24694E230019F779 /* Release */ = {
			isa = XCBuildConfiguration;
			buildSettings = {
				ALWAYS_SEARCH_USER_PATHS = NO;
				CLANG_ANALYZER_NONNULL = YES;
				CLANG_ANALYZER_NUMBER_OBJECT_CONVERSION = YES_AGGRESSIVE;
				CLANG_CXX_LANGUAGE_STANDARD = "gnu++14";
				CLANG_CXX_LIBRARY = "libc++";
				CLANG_ENABLE_MODULES = YES;
				CLANG_ENABLE_OBJC_ARC = YES;
				CLANG_ENABLE_OBJC_WEAK = YES;
				CLANG_WARN_BLOCK_CAPTURE_AUTORELEASING = YES;
				CLANG_WARN_BOOL_CONVERSION = YES;
				CLANG_WARN_COMMA = YES;
				CLANG_WARN_CONSTANT_CONVERSION = YES;
				CLANG_WARN_DEPRECATED_OBJC_IMPLEMENTATIONS = YES;
				CLANG_WARN_DIRECT_OBJC_ISA_USAGE = YES_ERROR;
				CLANG_WARN_DOCUMENTATION_COMMENTS = YES;
				CLANG_WARN_EMPTY_BODY = YES;
				CLANG_WARN_ENUM_CONVERSION = YES;
				CLANG_WARN_INFINITE_RECURSION = YES;
				CLANG_WARN_INT_CONVERSION = YES;
				CLANG_WARN_NON_LITERAL_NULL_CONVERSION = YES;
				CLANG_WARN_OBJC_IMPLICIT_RETAIN_SELF = YES;
				CLANG_WARN_OBJC_LITERAL_CONVERSION = YES;
				CLANG_WARN_OBJC_ROOT_CLASS = YES_ERROR;
				CLANG_WARN_RANGE_LOOP_ANALYSIS = YES;
				CLANG_WARN_STRICT_PROTOTYPES = YES;
				CLANG_WARN_SUSPICIOUS_MOVE = YES;
				CLANG_WARN_UNGUARDED_AVAILABILITY = YES_AGGRESSIVE;
				CLANG_WARN_UNREACHABLE_CODE = YES;
				CLANG_WARN__DUPLICATE_METHOD_MATCH = YES;
				COPY_PHASE_STRIP = NO;
				DEBUG_INFORMATION_FORMAT = "dwarf-with-dsym";
				ENABLE_NS_ASSERTIONS = NO;
				ENABLE_STRICT_OBJC_MSGSEND = YES;
				GCC_C_LANGUAGE_STANDARD = gnu11;
				GCC_NO_COMMON_BLOCKS = YES;
				GCC_WARN_64_TO_32_BIT_CONVERSION = YES;
				GCC_WARN_ABOUT_RETURN_TYPE = YES_ERROR;
				GCC_WARN_UNDECLARED_SELECTOR = YES;
				GCC_WARN_UNINITIALIZED_AUTOS = YES_AGGRESSIVE;
				GCC_WARN_UNUSED_FUNCTION = YES;
				GCC_WARN_UNUSED_VARIABLE = YES;
				IPHONEOS_DEPLOYMENT_TARGET = 13.2;
				MTL_ENABLE_DEBUG_INFO = NO;
				MTL_FAST_MATH = YES;
				SDKROOT = iphoneos;
				SWIFT_COMPILATION_MODE = wholemodule;
				SWIFT_OPTIMIZATION_LEVEL = "-O";
				VALIDATE_PRODUCT = YES;
			};
			name = Release;
		};
		1BE286FC24694E230019F779 /* Debug */ = {
			isa = XCBuildConfiguration;
			baseConfigurationReference = 6A7A86F4C08400977A3D5C56 /* Pods-PracticeApplication.debug.xcconfig */;
			buildSettings = {
				ASSETCATALOG_COMPILER_APPICON_NAME = AppIcon;
				CODE_SIGN_ENTITLEMENTS = PracticeApplication/PracticeApplication.entitlements;
				CODE_SIGN_STYLE = Automatic;
				DEVELOPMENT_TEAM = VQWKMLNHP7;
				INFOPLIST_FILE = PracticeApplication/Info.plist;
				LD_RUNPATH_SEARCH_PATHS = (
					"$(inherited)",
					"@executable_path/Frameworks",
				);
				PRODUCT_BUNDLE_IDENTIFIER = com.chandureddy.PracticeApplication;
				PRODUCT_NAME = "$(TARGET_NAME)";
				SUPPORTS_MACCATALYST = NO;
				SWIFT_VERSION = 5.0;
				TARGETED_DEVICE_FAMILY = "1,2";
			};
			name = Debug;
		};
		1BE286FD24694E230019F779 /* Release */ = {
			isa = XCBuildConfiguration;
			baseConfigurationReference = 0F28C4E4AB37FD926CFEFEFE /* Pods-PracticeApplication.release.xcconfig */;
			buildSettings = {
				ASSETCATALOG_COMPILER_APPICON_NAME = AppIcon;
				CODE_SIGN_ENTITLEMENTS = PracticeApplication/PracticeApplication.entitlements;
				CODE_SIGN_STYLE = Automatic;
				DEVELOPMENT_TEAM = VQWKMLNHP7;
				INFOPLIST_FILE = PracticeApplication/Info.plist;
				LD_RUNPATH_SEARCH_PATHS = (
					"$(inherited)",
					"@executable_path/Frameworks",
				);
				PRODUCT_BUNDLE_IDENTIFIER = com.chandureddy.PracticeApplication;
				PRODUCT_NAME = "$(TARGET_NAME)";
				SUPPORTS_MACCATALYST = NO;
				SWIFT_VERSION = 5.0;
				TARGETED_DEVICE_FAMILY = "1,2";
			};
			name = Release;
		};
/* End XCBuildConfiguration section */

/* Begin XCConfigurationList section */
		1BE286E224694E220019F779 /* Build configuration list for PBXProject "PracticeApplication" */ = {
			isa = XCConfigurationList;
			buildConfigurations = (
				1BE286F924694E230019F779 /* Debug */,
				1BE286FA24694E230019F779 /* Release */,
			);
			defaultConfigurationIsVisible = 0;
			defaultConfigurationName = Release;
		};
		1BE286FB24694E230019F779 /* Build configuration list for PBXNativeTarget "PracticeApplication" */ = {
			isa = XCConfigurationList;
			buildConfigurations = (
				1BE286FC24694E230019F779 /* Debug */,
				1BE286FD24694E230019F779 /* Release */,
			);
			defaultConfigurationIsVisible = 0;
			defaultConfigurationName = Release;
		};
/* End XCConfigurationList section */

/* Begin XCRemoteSwiftPackageReference section */
		1BBF224824B79233009739E1 /* XCRemoteSwiftPackageReference "IQKeyboardManager" */ = {
			isa = XCRemoteSwiftPackageReference;
			repositoryURL = "https://github.com/hackiftekhar/IQKeyboardManager";
			requirement = {
				kind = upToNextMajorVersion;
				minimumVersion = 6.5.5;
			};
		};
/* End XCRemoteSwiftPackageReference section */

/* Begin XCSwiftPackageProductDependency section */
		1BBF224924B79233009739E1 /* IQKeyboardManagerSwift */ = {
			isa = XCSwiftPackageProductDependency;
			package = 1BBF224824B79233009739E1 /* XCRemoteSwiftPackageReference "IQKeyboardManager" */;
			productName = IQKeyboardManagerSwift;
		};
/* End XCSwiftPackageProductDependency section */
	};
	rootObject = 1BE286DF24694E220019F779 /* Project object */;
}
